
Microsoft Visual Studio Solution File, Format Version 11.00
# Visual Studio 2010
Project("{8BC9CEB8-8B4A-11D0-8D11-00A0C91BC942}") = "SimplePreIntegratedVolumeRenderer", "SimplePreIntegratedVolumeRenderer\SimplePreIntegratedVolumeRenderer.vcxproj", "{92F2D68D-0283-4CE6-BA41-461CAE4F8E77}"
EndProject
Global
	GlobalSection(SolutionConfigurationPlatforms) = preSolution
		Debug|Win32 = Debug|Win32
		Release|Win32 = Release|Win32
	EndGlobalSection
	GlobalSection(ProjectConfigurationPlatforms) = postSolution
		{92F2D68D-0283-4CE6-BA41-461CAE4F8E77}.Debug|Win32.ActiveCfg = Debug|Win32
		{92F2D68D-0283-4CE6-BA41-461CAE4F8E77}.Debug|Win32.Build.0 = Debug|Win32
		{92F2D68D-0283-4CE6-BA41-461CAE4F8E77}.Release|Win32.ActiveCfg = Release|Win32
		{92F2D68D-0283-4CE6-BA41-461CAE4F8E77}.Release|Win32.Build.0 = Release|Win32
	EndGlobalSection
	GlobalSection(SolutionProperties) = preSolution
		HideSolutionNode = FALSE
	EndGlobalSection
EndGlobal
