<?xml version="1.0" encoding="utf-8"?>
<Project ToolsVersion="4.0" xmlns="http://schemas.microsoft.com/developer/msbuild/2003">
  <ItemGroup>
    <Filter Include="Source Files">
      <UniqueIdentifier>{4FC737F1-C7A5-4376-A066-2A32D752A2FF}</UniqueIdentifier>
      <Extensions>cpp;c;cc;cxx;def;odl;idl;hpj;bat;asm;asmx</Extensions>
    </Filter>
    <Filter Include="Header Files">
      <UniqueIdentifier>{93995380-89BD-4b04-88EB-625FBE52EBFB}</UniqueIdentifier>
      <Extensions>h;hpp;hxx;hm;inl;inc;xsd</Extensions>
    </Filter>
    <Filter Include="Resource Files">
      <UniqueIdentifier>{67DA6AB6-F800-4c08-8B7A-83BB121AAD01}</UniqueIdentifier>
      <Extensions>rc;ico;cur;bmp;dlg;rc2;rct;bin;rgs;gif;jpg;jpeg;jpe;resx;tiff;tif;png;wav</Extensions>
    </Filter>
    <Filter Include="Shader Files">
      <UniqueIdentifier>{1e6e5007-e542-436e-ab4b-eb231657e1d3}</UniqueIdentifier>
      <Extensions>glsl</Extensions>
    </Filter>
  </ItemGroup>
  <ItemGroup>
    <ClCompile Include="..\..\SimplePreIntegratedVolumeRenderer\dcimage.cpp">
      <Filter>Source Files</Filter>
    </ClCompile>
    <ClCompile Include="..\..\SimplePreIntegratedVolumeRenderer\main.cpp">
      <Filter>Source Files</Filter>
    </ClCompile>
    <ClCompile Include="..\..\SimplePreIntegratedVolumeRenderer\mesh.cpp">
      <Filter>Source Files</Filter>
    </ClCompile>
    <ClCompile Include="..\..\SimplePreIntegratedVolumeRenderer\objloader.cpp">
      <Filter>Source Files</Filter>
    </ClCompile>
    <ClCompile Include="..\..\SimplePreIntegratedVolumeRenderer\SimpleMeasure.cpp">
      <Filter>Source Files</Filter>
    </ClCompile>
    <ClCompile Include="..\..\SimplePreIntegratedVolumeRenderer\Volume.cpp">
      <Filter>Source Files</Filter>
    </ClCompile>
    <ClCompile Include="..\..\SimplePreIntegratedVolumeRenderer\VolumeArray.cpp">
      <Filter>Source Files</Filter>
    </ClCompile>
  </ItemGroup>
  <ItemGroup>
    <ClInclude Include="..\..\SimplePreIntegratedVolumeRenderer\dcimage.h">
      <Filter>Header Files</Filter>
    </ClInclude>
    <ClInclude Include="..\..\SimplePreIntegratedVolumeRenderer\mesh.h">
      <Filter>Header Files</Filter>
    </ClInclude>
    <ClInclude Include="..\..\SimplePreIntegratedVolumeRenderer\objloader.h">
      <Filter>Header Files</Filter>
    </ClInclude>
    <ClInclude Include="..\..\SimplePreIntegratedVolumeRenderer\resource.h">
      <Filter>Header Files</Filter>
    </ClInclude>
    <ClInclude Include="..\..\SimplePreIntegratedVolumeRenderer\SimpleMeasure.h">
      <Filter>Header Files</Filter>
    </ClInclude>
    <ClInclude Include="..\..\SimplePreIntegratedVolumeRenderer\Volume.h">
      <Filter>Header Files</Filter>
    </ClInclude>
    <ClInclude Include="..\..\SimplePreIntegratedVolumeRenderer\VolumeArray.h">
      <Filter>Header Files</Filter>
    </ClInclude>
  </ItemGroup>
  <ItemGroup>
    <None Include="..\..\bin\preIntegrationPixelShader.glsl">
      <Filter>Shader Files</Filter>
    </None>
    <None Include="..\..\bin\preIntegrationVertexShader.glsl">
      <Filter>Shader Files</Filter>
    </None>
  </ItemGroup>
</Project>